
Microsoft Visual Studio Solution File, Format Version 12.00
# Visual Studio 2012
Project("{FAE04EC0-301F-11D3-BF4B-00C04F79EFBC}") = "proyectofinal", "proyectofinal\proyectofinal.csproj", "{89728AE5-8422-4F96-970C-BC0F842E1323}"
EndProject
Global
	GlobalSection(SolutionConfigurationPlatforms) = preSolution
		Debug|Any CPU = Debug|Any CPU
		Release|Any CPU = Release|Any CPU
	EndGlobalSection
	GlobalSection(ProjectConfigurationPlatforms) = postSolution
		{89728AE5-8422-4F96-970C-BC0F842E1323}.Debug|Any CPU.ActiveCfg = Debug|Any CPU
		{89728AE5-8422-4F96-970C-BC0F842E1323}.Debug|Any CPU.Build.0 = Debug|Any CPU
		{89728AE5-8422-4F96-970C-BC0F842E1323}.Release|Any CPU.ActiveCfg = Release|Any CPU
		{89728AE5-8422-4F96-970C-BC0F842E1323}.Release|Any CPU.Build.0 = Release|Any CPU
	EndGlobalSection
	GlobalSection(SolutionProperties) = preSolution
		HideSolutionNode = FALSE
	EndGlobalSection
EndGlobal
